
Microsoft Visual Studio Solution File, Format Version 12.00
# Visual Studio Version 17
VisualStudioVersion = 17.8.34408.163
MinimumVisualStudioVersion = 10.0.40219.1
Project("{9A19103F-16F7-4668-BE54-9A1E7A4F7556}") = "CompanyEmployees", "CompanyEmployees\CompanyEmployees.csproj", "{8E345101-22D0-4CFC-9FCE-E289D5CB09F4}"
EndProject
Project("{FAE04EC0-301F-11D3-BF4B-00C04F79EFBC}") = "Contracts", "Contracts\Contracts.csproj", "{91868BE2-5562-4731-9F4F-047C795D2F2A}"
EndProject
Project("{FAE04EC0-301F-11D3-BF4B-00C04F79EFBC}") = "LoggerService", "LoggerService\LoggerService.csproj", "{0CEA5C5C-6C9B-4896-A61C-7299489DEEE0}"
EndProject
Project("{FAE04EC0-301F-11D3-BF4B-00C04F79EFBC}") = "Entities", "Entities\Entities.csproj", "{14165B32-5314-4EF5-8908-374D72E48560}"
EndProject
Project("{FAE04EC0-301F-11D3-BF4B-00C04F79EFBC}") = "Repository", "Repository\Repository.csproj", "{91B98312-1068-41F0-8316-78542C358970}"
EndProject
Project("{FAE04EC0-301F-11D3-BF4B-00C04F79EFBC}") = "Service", "Service\Service.csproj", "{53F28AC9-E256-417F-B01C-7CB1A7F26B85}"
EndProject
Project("{FAE04EC0-301F-11D3-BF4B-00C04F79EFBC}") = "Service.Contracts", "Service.Contracts\Service.Contracts.csproj", "{974281D2-E251-4F4F-85C6-A0F5D22DFD66}"
EndProject
Global
	GlobalSection(SolutionConfigurationPlatforms) = preSolution
		Debug|Any CPU = Debug|Any CPU
		Release|Any CPU = Release|Any CPU
	EndGlobalSection
	GlobalSection(ProjectConfigurationPlatforms) = postSolution
		{8E345101-22D0-4CFC-9FCE-E289D5CB09F4}.Debug|Any CPU.ActiveCfg = Debug|Any CPU
		{8E345101-22D0-4CFC-9FCE-E289D5CB09F4}.Debug|Any CPU.Build.0 = Debug|Any CPU
		{8E345101-22D0-4CFC-9FCE-E289D5CB09F4}.Release|Any CPU.ActiveCfg = Release|Any CPU
		{8E345101-22D0-4CFC-9FCE-E289D5CB09F4}.Release|Any CPU.Build.0 = Release|Any CPU
		{91868BE2-5562-4731-9F4F-047C795D2F2A}.Debug|Any CPU.ActiveCfg = Debug|Any CPU
		{91868BE2-5562-4731-9F4F-047C795D2F2A}.Debug|Any CPU.Build.0 = Debug|Any CPU
		{91868BE2-5562-4731-9F4F-047C795D2F2A}.Release|Any CPU.ActiveCfg = Release|Any CPU
		{91868BE2-5562-4731-9F4F-047C795D2F2A}.Release|Any CPU.Build.0 = Release|Any CPU
		{0CEA5C5C-6C9B-4896-A61C-7299489DEEE0}.Debug|Any CPU.ActiveCfg = Debug|Any CPU
		{0CEA5C5C-6C9B-4896-A61C-7299489DEEE0}.Debug|Any CPU.Build.0 = Debug|Any CPU
		{0CEA5C5C-6C9B-4896-A61C-7299489DEEE0}.Release|Any CPU.ActiveCfg = Release|Any CPU
		{0CEA5C5C-6C9B-4896-A61C-7299489DEEE0}.Release|Any CPU.Build.0 = Release|Any CPU
		{14165B32-5314-4EF5-8908-374D72E48560}.Debug|Any CPU.ActiveCfg = Debug|Any CPU
		{14165B32-5314-4EF5-8908-374D72E48560}.Debug|Any CPU.Build.0 = Debug|Any CPU
		{14165B32-5314-4EF5-8908-374D72E48560}.Release|Any CPU.ActiveCfg = Release|Any CPU
		{14165B32-5314-4EF5-8908-374D72E48560}.Release|Any CPU.Build.0 = Release|Any CPU
		{91B98312-1068-41F0-8316-78542C358970}.Debug|Any CPU.ActiveCfg = Debug|Any CPU
		{91B98312-1068-41F0-8316-78542C358970}.Debug|Any CPU.Build.0 = Debug|Any CPU
		{91B98312-1068-41F0-8316-78542C358970}.Release|Any CPU.ActiveCfg = Release|Any CPU
		{91B98312-1068-41F0-8316-78542C358970}.Release|Any CPU.Build.0 = Release|Any CPU
		{53F28AC9-E256-417F-B01C-7CB1A7F26B85}.Debug|Any CPU.ActiveCfg = Debug|Any CPU
		{53F28AC9-E256-417F-B01C-7CB1A7F26B85}.Debug|Any CPU.Build.0 = Debug|Any CPU
		{53F28AC9-E256-417F-B01C-7CB1A7F26B85}.Release|Any CPU.ActiveCfg = Release|Any CPU
		{53F28AC9-E256-417F-B01C-7CB1A7F26B85}.Release|Any CPU.Build.0 = Release|Any CPU
		{974281D2-E251-4F4F-85C6-A0F5D22DFD66}.Debug|Any CPU.ActiveCfg = Debug|Any CPU
		{974281D2-E251-4F4F-85C6-A0F5D22DFD66}.Debug|Any CPU.Build.0 = Debug|Any CPU
		{974281D2-E251-4F4F-85C6-A0F5D22DFD66}.Release|Any CPU.ActiveCfg = Release|Any CPU
		{974281D2-E251-4F4F-85C6-A0F5D22DFD66}.Release|Any CPU.Build.0 = Release|Any CPU
	EndGlobalSection
	GlobalSection(SolutionProperties) = preSolution
		HideSolutionNode = FALSE
	EndGlobalSection
	GlobalSection(ExtensibilityGlobals) = postSolution
		SolutionGuid = {4E3EB536-6BB9-49FC-8ACD-93203A5A2ECB}
	EndGlobalSection
EndGlobal
